
Microsoft Visual Studio Solution File, Format Version 12.00
# Visual Studio Version 17
VisualStudioVersion = 17.8.34330.188
MinimumVisualStudioVersion = 10.0.40219.1
Project("{FAE04EC0-301F-11D3-BF4B-00C04F79EFBC}") = "Maze", "Maze.csproj", "{443211CC-D807-4049-9CBE-BD2C9127C8EC}"
EndProject
Global
	GlobalSection(SolutionConfigurationPlatforms) = preSolution
		Debug|Any CPU = Debug|Any CPU
		Release|Any CPU = Release|Any CPU
	EndGlobalSection
	GlobalSection(ProjectConfigurationPlatforms) = postSolution
		{443211CC-D807-4049-9CBE-BD2C9127C8EC}.Debug|Any CPU.ActiveCfg = Debug|Any CPU
		{443211CC-D807-4049-9CBE-BD2C9127C8EC}.Debug|Any CPU.Build.0 = Debug|Any CPU
		{443211CC-D807-4049-9CBE-BD2C9127C8EC}.Release|Any CPU.ActiveCfg = Release|Any CPU
		{443211CC-D807-4049-9CBE-BD2C9127C8EC}.Release|Any CPU.Build.0 = Release|Any CPU
	EndGlobalSection
	GlobalSection(SolutionProperties) = preSolution
		HideSolutionNode = FALSE
	EndGlobalSection
	GlobalSection(ExtensibilityGlobals) = postSolution
		SolutionGuid = {802B4C90-2566-48CB-A791-26E1122F2A4F}
	EndGlobalSection
EndGlobal
